
Microsoft Visual Studio Solution File, Format Version 12.00
# Visual Studio Version 17
VisualStudioVersion = 17.4.33103.184
MinimumVisualStudioVersion = 10.0.40219.1
Project("{9A19103F-16F7-4668-BE54-9A1E7A4F7556}") = "DynamoXmlConverter.API", "DynamoXmlConverter.API\DynamoXmlConverter.API.csproj", "{64F09B9E-B426-490B-B4B4-20A699952842}"
EndProject
Project("{9A19103F-16F7-4668-BE54-9A1E7A4F7556}") = "DynamoXmlConverter.API.Tests", "DynamoXmlConverter.API.Tests\DynamoXmlConverter.API.Tests.csproj", "{6CE86AF0-8FA5-4681-8C6F-428B95554FF3}"
EndProject
Project("{9A19103F-16F7-4668-BE54-9A1E7A4F7556}") = "DynamoXmlConverter.UI", "DynamoXmlConverter.UI\DynamoXmlConverter.UI.csproj", "{0EBC59F2-922E-4F46-8B84-86C72C126000}"
EndProject
Project("{FAE04EC0-301F-11D3-BF4B-00C04F79EFBC}") = "DynamoXmlConverter.Models", "DynamoXmlConverter.Models\DynamoXmlConverter.Models.csproj", "{1BC238ED-95AD-4736-BA25-2ABB4C7B595E}"
EndProject
Global
	GlobalSection(SolutionConfigurationPlatforms) = preSolution
		Debug|Any CPU = Debug|Any CPU
		Release|Any CPU = Release|Any CPU
	EndGlobalSection
	GlobalSection(ProjectConfigurationPlatforms) = postSolution
		{64F09B9E-B426-490B-B4B4-20A699952842}.Debug|Any CPU.ActiveCfg = Debug|Any CPU
		{64F09B9E-B426-490B-B4B4-20A699952842}.Debug|Any CPU.Build.0 = Debug|Any CPU
		{64F09B9E-B426-490B-B4B4-20A699952842}.Release|Any CPU.ActiveCfg = Release|Any CPU
		{64F09B9E-B426-490B-B4B4-20A699952842}.Release|Any CPU.Build.0 = Release|Any CPU
		{6CE86AF0-8FA5-4681-8C6F-428B95554FF3}.Debug|Any CPU.ActiveCfg = Debug|Any CPU
		{6CE86AF0-8FA5-4681-8C6F-428B95554FF3}.Debug|Any CPU.Build.0 = Debug|Any CPU
		{6CE86AF0-8FA5-4681-8C6F-428B95554FF3}.Release|Any CPU.ActiveCfg = Release|Any CPU
		{6CE86AF0-8FA5-4681-8C6F-428B95554FF3}.Release|Any CPU.Build.0 = Release|Any CPU
		{0EBC59F2-922E-4F46-8B84-86C72C126000}.Debug|Any CPU.ActiveCfg = Debug|Any CPU
		{0EBC59F2-922E-4F46-8B84-86C72C126000}.Debug|Any CPU.Build.0 = Debug|Any CPU
		{0EBC59F2-922E-4F46-8B84-86C72C126000}.Release|Any CPU.ActiveCfg = Release|Any CPU
		{0EBC59F2-922E-4F46-8B84-86C72C126000}.Release|Any CPU.Build.0 = Release|Any CPU
		{1BC238ED-95AD-4736-BA25-2ABB4C7B595E}.Debug|Any CPU.ActiveCfg = Debug|Any CPU
		{1BC238ED-95AD-4736-BA25-2ABB4C7B595E}.Debug|Any CPU.Build.0 = Debug|Any CPU
		{1BC238ED-95AD-4736-BA25-2ABB4C7B595E}.Release|Any CPU.ActiveCfg = Release|Any CPU
		{1BC238ED-95AD-4736-BA25-2ABB4C7B595E}.Release|Any CPU.Build.0 = Release|Any CPU
	EndGlobalSection
	GlobalSection(SolutionProperties) = preSolution
		HideSolutionNode = FALSE
	EndGlobalSection
	GlobalSection(ExtensibilityGlobals) = postSolution
		SolutionGuid = {67E640C4-73E1-4052-AC4D-43DCE46F39A5}
	EndGlobalSection
EndGlobal
